
Microsoft Visual Studio Solution File, Format Version 12.00
# Visual Studio Version 16
VisualStudioVersion = 16.0.31129.286
MinimumVisualStudioVersion = 10.0.40219.1
Project("{FAE04EC0-301F-11D3-BF4B-00C04F79EFBC}") = "REG_REPLACE", "REG_REPLACE.csproj", "{E2DF4E42-A310-405F-A3E2-A8D40EBE98FF}"
EndProject
Global
	GlobalSection(SolutionConfigurationPlatforms) = preSolution
		Debug|Any CPU = Debug|Any CPU
		Release|Any CPU = Release|Any CPU
	EndGlobalSection
	GlobalSection(ProjectConfigurationPlatforms) = postSolution
		{E2DF4E42-A310-405F-A3E2-A8D40EBE98FF}.Debug|Any CPU.ActiveCfg = Debug|Any CPU
		{E2DF4E42-A310-405F-A3E2-A8D40EBE98FF}.Debug|Any CPU.Build.0 = Debug|Any CPU
		{E2DF4E42-A310-405F-A3E2-A8D40EBE98FF}.Release|Any CPU.ActiveCfg = Release|Any CPU
		{E2DF4E42-A310-405F-A3E2-A8D40EBE98FF}.Release|Any CPU.Build.0 = Release|Any CPU
	EndGlobalSection
	GlobalSection(SolutionProperties) = preSolution
		HideSolutionNode = FALSE
	EndGlobalSection
	GlobalSection(ExtensibilityGlobals) = postSolution
		SolutionGuid = {EEAEB54D-5663-43F2-B3E0-EA9B4522A56A}
	EndGlobalSection
EndGlobal
